{
  "name": "dji-tello",
  "version": "1.0.0",
  "lockfileVersion": 1,
  "requires": true,
  "dependencies": {
    "tello-drone": {
      "version": "3.0.4",
      "resolved": "https://registry.npmjs.org/tello-drone/-/tello-drone-3.0.4.tgz",
      "integrity": "sha512-tCYdeCRPd4RmxeuEKa5Xuw6H7tbntUcW4+dnSv5o3ois28mX/OaljZArLyQtnNYpaMjTr1t1aG6OIglqQ6ZIYA=="
    }
  }
}
